PODS:
  - Preferences (1.0.1)

DEPENDENCIES:
  - Preferences (from `https://github.com/liyb93/Preferences.git`)

EXTERNAL SOURCES:
  Preferences:
    :git: https://github.com/liyb93/Preferences.git

CHECKOUT OPTIONS:
  Preferences:
    :commit: 932be098f10dbeddf985f5357ddd241d9fff364e
    :git: https://github.com/liyb93/Preferences.git

SPEC CHECKSUMS:
  Preferences: a5afbe0ae3e6bd886328b1960f4998e65d58f2c4

PODFILE CHECKSUM: ee1ff039dbeb56f277cb858baae3299c2435e307

COCOAPODS: 1.9.1
